{
  "name": "penplotgui",
  "lockfileVersion": 3,
  "requires": true,
  "packages": {
    "": {
      "dependencies": {
        "tw-shimmer": "^0.4.11"
      }
    },
    "node_modules/tailwindcss": {
      "version": "4.2.4",
      "resolved": "https://registry.npmjs.org/tailwindcss/-/tailwindcss-4.2.4.tgz",
      "integrity": "sha512-HhKppgO81FQof5m6TEnuBWCZGgfRAWbaeOaGT00KOy/Pf/j6oUihdvBpA7ltCeAvZpFhW3j0PTclkxsd4IXYDA==",
      "license": "MIT",
      "peer": true
    },
    "node_modules/tw-shimmer": {
      "version": "0.4.11",
      "resolved": "https://registry.npmjs.org/tw-shimmer/-/tw-shimmer-0.4.11.tgz",
      "integrity": "sha512-pTpGJzp3xaCPO87WeHETngmZHJYvygiSTt4jqzh2oR3DWBoeudi/ANB304zks9+Cm2vQ1ai3w9fetviYdqY8HQ==",
      "license": "MIT",
      "peerDependencies": {
        "tailwindcss": ">=4.0.0-0"
      }
    }
  }
}
